<?xml version="1.0" encoding="utf-8"?>
<Project ToolsVersion="4.0" xmlns="http://schemas.microsoft.com/developer/msbuild/2003">
  <ItemGroup>
    <Filter Include="Source Files">
      <UniqueIdentifier>{00402e1c-1282-49d9-a7fa-726dcf3d77dd}</UniqueIdentifier>
      <Extensions>cpp;c;cxx;rc;def;r;odl;idl;hpj;bat</Extensions>
    </Filter>
    <Filter Include="Header Files">
      <UniqueIdentifier>{5f7b821c-1ddc-4e78-8112-ea399a52eed1}</UniqueIdentifier>
      <Extensions>h;hpp;hxx;hm;inl</Extensions>
    </Filter>
    <Filter Include="Resource Files">
      <UniqueIdentifier>{9717a425-ddcf-4fcb-baa2-03745bac972b}</UniqueIdentifier>
      <Extensions>ico;cur;bmp;dlg;rc2;rct;bin;rgs;gif;jpg;jpeg;jpe</Extensions>
    </Filter>
  </ItemGroup>
  <ItemGroup>
    <ClCompile Include="BinaryTree.cpp">
      <Filter>Source Files</Filter>
    </ClCompile>
    <ClCompile Include="dcel.cpp">
      <Filter>Source Files</Filter>
    </ClCompile>
    <ClCompile Include="delaunaytriangulation.cpp">
      <Filter>Source Files</Filter>
    </ClCompile>
    <ClCompile Include="edge.cpp">
      <Filter>Source Files</Filter>
    </ClCompile>
    <ClCompile Include="GISTin.cpp">
      <Filter>Source Files</Filter>
    </ClCompile>
    <ClCompile Include="GISTinDoc.cpp">
      <Filter>Source Files</Filter>
    </ClCompile>
    <ClCompile Include="GISTinView.cpp">
      <Filter>Source Files</Filter>
    </ClCompile>
    <ClCompile Include="GridDlg.cpp">
      <Filter>Source Files</Filter>
    </ClCompile>
    <ClCompile Include="MainFrm.cpp">
      <Filter>Source Files</Filter>
    </ClCompile>
    <ClCompile Include="point2d.cpp">
      <Filter>Source Files</Filter>
    </ClCompile>
    <ClCompile Include="StdAfx.cpp">
      <Filter>Source Files</Filter>
    </ClCompile>
    <ClCompile Include="utility.cpp">
      <Filter>Source Files</Filter>
    </ClCompile>
    <ClCompile Include="ParamDialog.cpp">
      <Filter>Source Files</Filter>
    </ClCompile>
  </ItemGroup>
  <ItemGroup>
    <ResourceCompile Include="GISTin.rc">
      <Filter>Source Files</Filter>
    </ResourceCompile>
  </ItemGroup>
  <ItemGroup>
    <ClInclude Include="BinaryTree.h">
      <Filter>Header Files</Filter>
    </ClInclude>
    <ClInclude Include="dcel.h">
      <Filter>Header Files</Filter>
    </ClInclude>
    <ClInclude Include="delaunaytriangulation.h">
      <Filter>Header Files</Filter>
    </ClInclude>
    <ClInclude Include="edge.h">
      <Filter>Header Files</Filter>
    </ClInclude>
    <ClInclude Include="GISTin.h">
      <Filter>Header Files</Filter>
    </ClInclude>
    <ClInclude Include="GISTinDoc.h">
      <Filter>Header Files</Filter>
    </ClInclude>
    <ClInclude Include="GISTinView.h">
      <Filter>Header Files</Filter>
    </ClInclude>
    <ClInclude Include="GridDlg.h">
      <Filter>Header Files</Filter>
    </ClInclude>
    <ClInclude Include="MainFrm.h">
      <Filter>Header Files</Filter>
    </ClInclude>
    <ClInclude Include="point2d.h">
      <Filter>Header Files</Filter>
    </ClInclude>
    <ClInclude Include="PublicStruct.h">
      <Filter>Header Files</Filter>
    </ClInclude>
    <ClInclude Include="Resource.h">
      <Filter>Header Files</Filter>
    </ClInclude>
    <ClInclude Include="StdAfx.h">
      <Filter>Header Files</Filter>
    </ClInclude>
    <ClInclude Include="utility.h">
      <Filter>Header Files</Filter>
    </ClInclude>
    <ClInclude Include="ParamDialog.h">
      <Filter>Header Files</Filter>
    </ClInclude>
  </ItemGroup>
  <ItemGroup>
    <Image Include="res\GISTin.ico">
      <Filter>Resource Files</Filter>
    </Image>
    <Image Include="res\GISTinDoc.ico">
      <Filter>Resource Files</Filter>
    </Image>
    <Image Include="res\NewToolbar.bmp">
      <Filter>Resource Files</Filter>
    </Image>
    <Image Include="res\Toolbar.bmp">
      <Filter>Resource Files</Filter>
    </Image>
  </ItemGroup>
  <ItemGroup>
    <Text Include="ReadMe.txt" />
  </ItemGroup>
  <ItemGroup>
    <CustomBuild Include="res\GISTin.rc2">
      <Filter>Resource Files</Filter>
    </CustomBuild>
    <CustomBuild Include="res\pan.cur">
      <Filter>Resource Files</Filter>
    </CustomBuild>
    <CustomBuild Include="res\select.cur">
      <Filter>Resource Files</Filter>
    </CustomBuild>
    <CustomBuild Include="res\zoomin.cur">
      <Filter>Resource Files</Filter>
    </CustomBuild>
    <CustomBuild Include="res\zoomout.cur">
      <Filter>Resource Files</Filter>
    </CustomBuild>
  </ItemGroup>
</Project>